
Microsoft Visual Studio Solution File, Format Version 12.00
# Visual Studio Version 16
VisualStudioVersion = 16.0.30413.136
MinimumVisualStudioVersion = 10.0.40219.1
Project("{9A19103F-16F7-4668-BE54-9A1E7A4F7556}") = "MediaSync", "MediaSync\MediaSync.csproj", "{B61277BC-8F2B-4EA4-A338-9554BBA5A84D}"
EndProject
Project("{C7167F0D-BC9F-4E6E-AFE1-012C56B48DB5}") = "MediaSync.Package", "MediaSync.Package\MediaSync.Package.wapproj", "{F273E386-1F87-47F1-8E6F-5F74546C9D09}"
EndProject
Global
	GlobalSection(SolutionConfigurationPlatforms) = preSolution
		Debug|Any CPU = Debug|Any CPU
		Debug|ARM = Debug|ARM
		Debug|ARM64 = Debug|ARM64
		Debug|x64 = Debug|x64
		Debug|x86 = Debug|x86
		Release|Any CPU = Release|Any CPU
		Release|ARM = Release|ARM
		Release|ARM64 = Release|ARM64
		Release|x64 = Release|x64
		Release|x86 = Release|x86
	EndGlobalSection
	GlobalSection(ProjectConfigurationPlatforms) = postSolution
		{B61277BC-8F2B-4EA4-A338-9554BBA5A84D}.Debug|Any CPU.ActiveCfg = Debug|Any CPU
		{B61277BC-8F2B-4EA4-A338-9554BBA5A84D}.Debug|Any CPU.Build.0 = Debug|Any CPU
		{B61277BC-8F2B-4EA4-A338-9554BBA5A84D}.Debug|ARM.ActiveCfg = Debug|Any CPU
		{B61277BC-8F2B-4EA4-A338-9554BBA5A84D}.Debug|ARM.Build.0 = Debug|Any CPU
		{B61277BC-8F2B-4EA4-A338-9554BBA5A84D}.Debug|ARM64.ActiveCfg = Debug|Any CPU
		{B61277BC-8F2B-4EA4-A338-9554BBA5A84D}.Debug|ARM64.Build.0 = Debug|Any CPU
		{B61277BC-8F2B-4EA4-A338-9554BBA5A84D}.Debug|x64.ActiveCfg = Debug|Any CPU
		{B61277BC-8F2B-4EA4-A338-9554BBA5A84D}.Debug|x64.Build.0 = Debug|Any CPU
		{B61277BC-8F2B-4EA4-A338-9554BBA5A84D}.Debug|x86.ActiveCfg = Debug|Any CPU
		{B61277BC-8F2B-4EA4-A338-9554BBA5A84D}.Debug|x86.Build.0 = Debug|Any CPU
		{B61277BC-8F2B-4EA4-A338-9554BBA5A84D}.Release|Any CPU.ActiveCfg = Release|Any CPU
		{B61277BC-8F2B-4EA4-A338-9554BBA5A84D}.Release|Any CPU.Build.0 = Release|Any CPU
		{B61277BC-8F2B-4EA4-A338-9554BBA5A84D}.Release|ARM.ActiveCfg = Release|Any CPU
		{B61277BC-8F2B-4EA4-A338-9554BBA5A84D}.Release|ARM.Build.0 = Release|Any CPU
		{B61277BC-8F2B-4EA4-A338-9554BBA5A84D}.Release|ARM64.ActiveCfg = Release|Any CPU
		{B61277BC-8F2B-4EA4-A338-9554BBA5A84D}.Release|ARM64.Build.0 = Release|Any CPU
		{B61277BC-8F2B-4EA4-A338-9554BBA5A84D}.Release|x64.ActiveCfg = Release|Any CPU
		{B61277BC-8F2B-4EA4-A338-9554BBA5A84D}.Release|x64.Build.0 = Release|Any CPU
		{B61277BC-8F2B-4EA4-A338-9554BBA5A84D}.Release|x86.ActiveCfg = Release|Any CPU
		{B61277BC-8F2B-4EA4-A338-9554BBA5A84D}.Release|x86.Build.0 = Release|Any CPU
		{F273E386-1F87-47F1-8E6F-5F74546C9D09}.Debug|Any CPU.ActiveCfg = Debug|Any CPU
		{F273E386-1F87-47F1-8E6F-5F74546C9D09}.Debug|Any CPU.Build.0 = Debug|Any CPU
		{F273E386-1F87-47F1-8E6F-5F74546C9D09}.Debug|Any CPU.Deploy.0 = Debug|Any CPU
		{F273E386-1F87-47F1-8E6F-5F74546C9D09}.Debug|ARM.ActiveCfg = Debug|ARM
		{F273E386-1F87-47F1-8E6F-5F74546C9D09}.Debug|ARM.Build.0 = Debug|ARM
		{F273E386-1F87-47F1-8E6F-5F74546C9D09}.Debug|ARM.Deploy.0 = Debug|ARM
		{F273E386-1F87-47F1-8E6F-5F74546C9D09}.Debug|ARM64.ActiveCfg = Debug|ARM64
		{F273E386-1F87-47F1-8E6F-5F74546C9D09}.Debug|ARM64.Build.0 = Debug|ARM64
		{F273E386-1F87-47F1-8E6F-5F74546C9D09}.Debug|ARM64.Deploy.0 = Debug|ARM64
		{F273E386-1F87-47F1-8E6F-5F74546C9D09}.Debug|x64.ActiveCfg = Debug|x64
		{F273E386-1F87-47F1-8E6F-5F74546C9D09}.Debug|x64.Build.0 = Debug|x64
		{F273E386-1F87-47F1-8E6F-5F74546C9D09}.Debug|x64.Deploy.0 = Debug|x64
		{F273E386-1F87-47F1-8E6F-5F74546C9D09}.Debug|x86.ActiveCfg = Debug|x86
		{F273E386-1F87-47F1-8E6F-5F74546C9D09}.Debug|x86.Build.0 = Debug|x86
		{F273E386-1F87-47F1-8E6F-5F74546C9D09}.Debug|x86.Deploy.0 = Debug|x86
		{F273E386-1F87-47F1-8E6F-5F74546C9D09}.Release|Any CPU.ActiveCfg = Release|Any CPU
		{F273E386-1F87-47F1-8E6F-5F74546C9D09}.Release|Any CPU.Build.0 = Release|Any CPU
		{F273E386-1F87-47F1-8E6F-5F74546C9D09}.Release|Any CPU.Deploy.0 = Release|Any CPU
		{F273E386-1F87-47F1-8E6F-5F74546C9D09}.Release|ARM.ActiveCfg = Release|ARM
		{F273E386-1F87-47F1-8E6F-5F74546C9D09}.Release|ARM.Build.0 = Release|ARM
		{F273E386-1F87-47F1-8E6F-5F74546C9D09}.Release|ARM.Deploy.0 = Release|ARM
		{F273E386-1F87-47F1-8E6F-5F74546C9D09}.Release|ARM64.ActiveCfg = Release|ARM64
		{F273E386-1F87-47F1-8E6F-5F74546C9D09}.Release|ARM64.Build.0 = Release|ARM64
		{F273E386-1F87-47F1-8E6F-5F74546C9D09}.Release|ARM64.Deploy.0 = Release|ARM64
		{F273E386-1F87-47F1-8E6F-5F74546C9D09}.Release|x64.ActiveCfg = Release|x64
		{F273E386-1F87-47F1-8E6F-5F74546C9D09}.Release|x64.Build.0 = Release|x64
		{F273E386-1F87-47F1-8E6F-5F74546C9D09}.Release|x64.Deploy.0 = Release|x64
		{F273E386-1F87-47F1-8E6F-5F74546C9D09}.Release|x86.ActiveCfg = Release|x86
		{F273E386-1F87-47F1-8E6F-5F74546C9D09}.Release|x86.Build.0 = Release|x86
		{F273E386-1F87-47F1-8E6F-5F74546C9D09}.Release|x86.Deploy.0 = Release|x86
	EndGlobalSection
	GlobalSection(SolutionProperties) = preSolution
		HideSolutionNode = FALSE
	EndGlobalSection
	GlobalSection(ExtensibilityGlobals) = postSolution
		SolutionGuid = {2F772554-C99E-46E1-8494-628B1B70625C}
	EndGlobalSection
EndGlobal
